
Microsoft Visual Studio Solution File, Format Version 12.00
# Visual Studio 15
VisualStudioVersion = 15.0.28306.52
MinimumVisualStudioVersion = 10.0.40219.1
Project("{FAE04EC0-301F-11D3-BF4B-00C04F79EFBC}") = "FlexiBuy", "FlexiBuy\FlexiBuy.csproj", "{64821669-4642-4147-AC0E-597EE219C632}"
EndProject
Global
	GlobalSection(SolutionConfigurationPlatforms) = preSolution
		Debug|Any CPU = Debug|Any CPU
		Release|Any CPU = Release|Any CPU
	EndGlobalSection
	GlobalSection(ProjectConfigurationPlatforms) = postSolution
		{64821669-4642-4147-AC0E-597EE219C632}.Debug|Any CPU.ActiveCfg = Debug|Any CPU
		{64821669-4642-4147-AC0E-597EE219C632}.Debug|Any CPU.Build.0 = Debug|Any CPU
		{64821669-4642-4147-AC0E-597EE219C632}.Release|Any CPU.ActiveCfg = Release|Any CPU
		{64821669-4642-4147-AC0E-597EE219C632}.Release|Any CPU.Build.0 = Release|Any CPU
	EndGlobalSection
	GlobalSection(SolutionProperties) = preSolution
		HideSolutionNode = FALSE
	EndGlobalSection
	GlobalSection(ExtensibilityGlobals) = postSolution
		SolutionGuid = {93717A35-7727-40B0-9A82-E4EA56E61048}
	EndGlobalSection
EndGlobal
